
Microsoft Visual Studio Solution File, Format Version 12.00
# Visual Studio Version 16
VisualStudioVersion = 16.0.31205.134
MinimumVisualStudioVersion = 10.0.40219.1
Project("{9A19103F-16F7-4668-BE54-9A1E7A4F7556}") = "SalesforcesParser", "Salesforces\SalesforcesParser.csproj", "{801BBD1C-7BFF-4129-ABD9-4059170AAF20}"
EndProject
Project("{9A19103F-16F7-4668-BE54-9A1E7A4F7556}") = "Black.Beard.DataDeep.Models", "Black.Beard.DataDeep.Models\Black.Beard.DataDeep.Models.csproj", "{6778C1FF-6834-469F-B737-4CD77BD62849}"
EndProject
Project("{9A19103F-16F7-4668-BE54-9A1E7A4F7556}") = "Siteweb", "Siteweb\Siteweb.csproj", "{51B0EFD7-8580-4B74-8385-E9B2EC6CE965}"
EndProject
Project("{2150E333-8FDC-42A3-9474-1A3956D46DE8}") = "Builders", "Builders", "{0669DA68-F107-4B47-A887-878D80243747}"
EndProject
Project("{9A19103F-16F7-4668-BE54-9A1E7A4F7556}") = "DotnetParser", "Dotnet\DotnetParser.csproj", "{FC0795CC-C193-4209-A40B-AE8E4725164C}"
EndProject
Global
	GlobalSection(SolutionConfigurationPlatforms) = preSolution
		Debug|Any CPU = Debug|Any CPU
		Release|Any CPU = Release|Any CPU
	EndGlobalSection
	GlobalSection(ProjectConfigurationPlatforms) = postSolution
		{801BBD1C-7BFF-4129-ABD9-4059170AAF20}.Debug|Any CPU.ActiveCfg = Debug|Any CPU
		{801BBD1C-7BFF-4129-ABD9-4059170AAF20}.Debug|Any CPU.Build.0 = Debug|Any CPU
		{801BBD1C-7BFF-4129-ABD9-4059170AAF20}.Release|Any CPU.ActiveCfg = Release|Any CPU
		{801BBD1C-7BFF-4129-ABD9-4059170AAF20}.Release|Any CPU.Build.0 = Release|Any CPU
		{6778C1FF-6834-469F-B737-4CD77BD62849}.Debug|Any CPU.ActiveCfg = Debug|Any CPU
		{6778C1FF-6834-469F-B737-4CD77BD62849}.Debug|Any CPU.Build.0 = Debug|Any CPU
		{6778C1FF-6834-469F-B737-4CD77BD62849}.Release|Any CPU.ActiveCfg = Release|Any CPU
		{6778C1FF-6834-469F-B737-4CD77BD62849}.Release|Any CPU.Build.0 = Release|Any CPU
		{51B0EFD7-8580-4B74-8385-E9B2EC6CE965}.Debug|Any CPU.ActiveCfg = Debug|Any CPU
		{51B0EFD7-8580-4B74-8385-E9B2EC6CE965}.Debug|Any CPU.Build.0 = Debug|Any CPU
		{51B0EFD7-8580-4B74-8385-E9B2EC6CE965}.Release|Any CPU.ActiveCfg = Release|Any CPU
		{51B0EFD7-8580-4B74-8385-E9B2EC6CE965}.Release|Any CPU.Build.0 = Release|Any CPU
		{FC0795CC-C193-4209-A40B-AE8E4725164C}.Debug|Any CPU.ActiveCfg = Debug|Any CPU
		{FC0795CC-C193-4209-A40B-AE8E4725164C}.Debug|Any CPU.Build.0 = Debug|Any CPU
		{FC0795CC-C193-4209-A40B-AE8E4725164C}.Release|Any CPU.ActiveCfg = Release|Any CPU
		{FC0795CC-C193-4209-A40B-AE8E4725164C}.Release|Any CPU.Build.0 = Release|Any CPU
	EndGlobalSection
	GlobalSection(SolutionProperties) = preSolution
		HideSolutionNode = FALSE
	EndGlobalSection
	GlobalSection(NestedProjects) = preSolution
		{801BBD1C-7BFF-4129-ABD9-4059170AAF20} = {0669DA68-F107-4B47-A887-878D80243747}
		{FC0795CC-C193-4209-A40B-AE8E4725164C} = {0669DA68-F107-4B47-A887-878D80243747}
	EndGlobalSection
	GlobalSection(ExtensibilityGlobals) = postSolution
		SolutionGuid = {78F17287-17C9-4B2B-BDEE-2AACA28BACAB}
	EndGlobalSection
EndGlobal
